
Microsoft Visual Studio Solution File, Format Version 12.00
# Visual Studio Version 17
VisualStudioVersion = 17.14.37027.9
MinimumVisualStudioVersion = 10.0.40219.1
Project("{FAE04EC0-301F-11D3-BF4B-00C04F79EFBC}") = "VisionMaster", "VisionMaster\VisionMaster.csproj", "{98B75999-E184-4C83-B513-B6073AFAE277}"
EndProject
Project("{2150E333-8FDC-42A3-9474-1A3956D46DE8}") = "UI", "UI", "{02EA681E-C7D8-13C7-8484-4AC65E1B71E8}"
EndProject
Project("{2150E333-8FDC-42A3-9474-1A3956D46DE8}") = "Services", "Services", "{A088E5FE-5B06-4AA2-9FBA-1ABFAB2D2B32}"
EndProject
Project("{FAE04EC0-301F-11D3-BF4B-00C04F79EFBC}") = "UI", "UI\Controls\UI.csproj", "{600B1D2F-21B1-31D6-B87D-7410126C828A}"
EndProject
Project("{2150E333-8FDC-42A3-9474-1A3956D46DE8}") = "Shard", "Shard", "{4691AF49-2E97-4AFE-A74D-687C41A848EA}"
EndProject
Project("{FAE04EC0-301F-11D3-BF4B-00C04F79EFBC}") = "Core.Interfaces", "Shard\Core.Interfaces\Core.Interfaces.csproj", "{36C56540-C3A0-46B8-B4CC-7A521728060C}"
EndProject
Project("{2150E333-8FDC-42A3-9474-1A3956D46DE8}") = "Plugins", "Plugins", "{256A5736-FBE4-45B4-B16A-CE75EB3F1B6C}"
EndProject
Project("{FAE04EC0-301F-11D3-BF4B-00C04F79EFBC}") = "Plugin.Util", "Plugins\Plugin.Utility\Plugin.Util.csproj", "{2BC77779-57AA-97C3-583F-13E43960BE21}"
EndProject
Project("{2150E333-8FDC-42A3-9474-1A3956D46DE8}") = "DLL", "DLL", "{378A42C3-F029-4AF2-B8F1-040ACB391207}"
EndProject
Project("{FAE04EC0-301F-11D3-BF4B-00C04F79EFBC}") = "HslCommunication", "DLL\HslCommunication\HslCommunication.csproj", "{2DFEF210-F010-4631-BB75-A3FFC31B3911}"
EndProject
Project("{FAE04EC0-301F-11D3-BF4B-00C04F79EFBC}") = "Plugin.ImageAcquisition", "Plugins\Plugin.ImageAcquisition\Plugin.ImageAcquisition.csproj", "{C8BCD9DE-0AD6-68EF-2BA1-9B56D6BE5032}"
EndProject
Project("{FAE04EC0-301F-11D3-BF4B-00C04F79EFBC}") = "Core.Halcon", "Services\Core.Halcon\Core.Halcon.csproj", "{97BFCD35-AD2F-4F71-88BF-8724425D4ED9}"
EndProject
Project("{FAE04EC0-301F-11D3-BF4B-00C04F79EFBC}") = "Core.Controls", "Shard\Core.Controls\Core.Controls.csproj", "{0035FA5F-A08A-4762-AE66-B914751BA493}"
EndProject
Project("{FAE04EC0-301F-11D3-BF4B-00C04F79EFBC}") = "Plugin.CreateRoi", "Plugins\Plugin.CreateRoi\Plugin.CreateRoi.csproj", "{AC05F8B3-6C72-4135-8949-3C30EA8A91B4}"
EndProject
Global
	GlobalSection(SolutionConfigurationPlatforms) = preSolution
		Debug|Any CPU = Debug|Any CPU
		Debug|x64 = Debug|x64
		Debug|x86 = Debug|x86
		Release|Any CPU = Release|Any CPU
		Release|x64 = Release|x64
		Release|x86 = Release|x86
	EndGlobalSection
	GlobalSection(ProjectConfigurationPlatforms) = postSolution
		{98B75999-E184-4C83-B513-B6073AFAE277}.Debug|Any CPU.ActiveCfg = Debug|Any CPU
		{98B75999-E184-4C83-B513-B6073AFAE277}.Debug|Any CPU.Build.0 = Debug|Any CPU
		{98B75999-E184-4C83-B513-B6073AFAE277}.Debug|x64.ActiveCfg = Debug|Any CPU
		{98B75999-E184-4C83-B513-B6073AFAE277}.Debug|x64.Build.0 = Debug|Any CPU
		{98B75999-E184-4C83-B513-B6073AFAE277}.Debug|x86.ActiveCfg = Debug|Any CPU
		{98B75999-E184-4C83-B513-B6073AFAE277}.Debug|x86.Build.0 = Debug|Any CPU
		{98B75999-E184-4C83-B513-B6073AFAE277}.Release|Any CPU.ActiveCfg = Release|Any CPU
		{98B75999-E184-4C83-B513-B6073AFAE277}.Release|Any CPU.Build.0 = Release|Any CPU
		{98B75999-E184-4C83-B513-B6073AFAE277}.Release|x64.ActiveCfg = Release|Any CPU
		{98B75999-E184-4C83-B513-B6073AFAE277}.Release|x64.Build.0 = Release|Any CPU
		{98B75999-E184-4C83-B513-B6073AFAE277}.Release|x86.ActiveCfg = Release|Any CPU
		{98B75999-E184-4C83-B513-B6073AFAE277}.Release|x86.Build.0 = Release|Any CPU
		{600B1D2F-21B1-31D6-B87D-7410126C828A}.Debug|Any CPU.ActiveCfg = Debug|Any CPU
		{600B1D2F-21B1-31D6-B87D-7410126C828A}.Debug|Any CPU.Build.0 = Debug|Any CPU
		{600B1D2F-21B1-31D6-B87D-7410126C828A}.Debug|x64.ActiveCfg = Debug|Any CPU
		{600B1D2F-21B1-31D6-B87D-7410126C828A}.Debug|x64.Build.0 = Debug|Any CPU
		{600B1D2F-21B1-31D6-B87D-7410126C828A}.Debug|x86.ActiveCfg = Debug|Any CPU
		{600B1D2F-21B1-31D6-B87D-7410126C828A}.Debug|x86.Build.0 = Debug|Any CPU
		{600B1D2F-21B1-31D6-B87D-7410126C828A}.Release|Any CPU.ActiveCfg = Release|Any CPU
		{600B1D2F-21B1-31D6-B87D-7410126C828A}.Release|Any CPU.Build.0 = Release|Any CPU
		{600B1D2F-21B1-31D6-B87D-7410126C828A}.Release|x64.ActiveCfg = Release|Any CPU
		{600B1D2F-21B1-31D6-B87D-7410126C828A}.Release|x64.Build.0 = Release|Any CPU
		{600B1D2F-21B1-31D6-B87D-7410126C828A}.Release|x86.ActiveCfg = Release|Any CPU
		{600B1D2F-21B1-31D6-B87D-7410126C828A}.Release|x86.Build.0 = Release|Any CPU
		{36C56540-C3A0-46B8-B4CC-7A521728060C}.Debug|Any CPU.ActiveCfg = Debug|Any CPU
		{36C56540-C3A0-46B8-B4CC-7A521728060C}.Debug|Any CPU.Build.0 = Debug|Any CPU
		{36C56540-C3A0-46B8-B4CC-7A521728060C}.Debug|x64.ActiveCfg = Debug|Any CPU
		{36C56540-C3A0-46B8-B4CC-7A521728060C}.Debug|x64.Build.0 = Debug|Any CPU
		{36C56540-C3A0-46B8-B4CC-7A521728060C}.Debug|x86.ActiveCfg = Debug|Any CPU
		{36C56540-C3A0-46B8-B4CC-7A521728060C}.Debug|x86.Build.0 = Debug|Any CPU
		{36C56540-C3A0-46B8-B4CC-7A521728060C}.Release|Any CPU.ActiveCfg = Release|Any CPU
		{36C56540-C3A0-46B8-B4CC-7A521728060C}.Release|Any CPU.Build.0 = Release|Any CPU
		{36C56540-C3A0-46B8-B4CC-7A521728060C}.Release|x64.ActiveCfg = Release|Any CPU
		{36C56540-C3A0-46B8-B4CC-7A521728060C}.Release|x64.Build.0 = Release|Any CPU
		{36C56540-C3A0-46B8-B4CC-7A521728060C}.Release|x86.ActiveCfg = Release|Any CPU
		{36C56540-C3A0-46B8-B4CC-7A521728060C}.Release|x86.Build.0 = Release|Any CPU
		{2BC77779-57AA-97C3-583F-13E43960BE21}.Debug|Any CPU.ActiveCfg = Debug|Any CPU
		{2BC77779-57AA-97C3-583F-13E43960BE21}.Debug|Any CPU.Build.0 = Debug|Any CPU
		{2BC77779-57AA-97C3-583F-13E43960BE21}.Debug|x64.ActiveCfg = Debug|Any CPU
		{2BC77779-57AA-97C3-583F-13E43960BE21}.Debug|x64.Build.0 = Debug|Any CPU
		{2BC77779-57AA-97C3-583F-13E43960BE21}.Debug|x86.ActiveCfg = Debug|Any CPU
		{2BC77779-57AA-97C3-583F-13E43960BE21}.Debug|x86.Build.0 = Debug|Any CPU
		{2BC77779-57AA-97C3-583F-13E43960BE21}.Release|Any CPU.ActiveCfg = Release|Any CPU
		{2BC77779-57AA-97C3-583F-13E43960BE21}.Release|Any CPU.Build.0 = Release|Any CPU
		{2BC77779-57AA-97C3-583F-13E43960BE21}.Release|x64.ActiveCfg = Release|Any CPU
		{2BC77779-57AA-97C3-583F-13E43960BE21}.Release|x64.Build.0 = Release|Any CPU
		{2BC77779-57AA-97C3-583F-13E43960BE21}.Release|x86.ActiveCfg = Release|Any CPU
		{2BC77779-57AA-97C3-583F-13E43960BE21}.Release|x86.Build.0 = Release|Any CPU
		{2DFEF210-F010-4631-BB75-A3FFC31B3911}.Debug|Any CPU.ActiveCfg = Debug|Any CPU
		{2DFEF210-F010-4631-BB75-A3FFC31B3911}.Debug|Any CPU.Build.0 = Debug|Any CPU
		{2DFEF210-F010-4631-BB75-A3FFC31B3911}.Debug|x64.ActiveCfg = Debug|Any CPU
		{2DFEF210-F010-4631-BB75-A3FFC31B3911}.Debug|x64.Build.0 = Debug|Any CPU
		{2DFEF210-F010-4631-BB75-A3FFC31B3911}.Debug|x86.ActiveCfg = Debug|Any CPU
		{2DFEF210-F010-4631-BB75-A3FFC31B3911}.Debug|x86.Build.0 = Debug|Any CPU
		{2DFEF210-F010-4631-BB75-A3FFC31B3911}.Release|Any CPU.ActiveCfg = Release|Any CPU
		{2DFEF210-F010-4631-BB75-A3FFC31B3911}.Release|Any CPU.Build.0 = Release|Any CPU
		{2DFEF210-F010-4631-BB75-A3FFC31B3911}.Release|x64.ActiveCfg = Release|Any CPU
		{2DFEF210-F010-4631-BB75-A3FFC31B3911}.Release|x64.Build.0 = Release|Any CPU
		{2DFEF210-F010-4631-BB75-A3FFC31B3911}.Release|x86.ActiveCfg = Release|Any CPU
		{2DFEF210-F010-4631-BB75-A3FFC31B3911}.Release|x86.Build.0 = Release|Any CPU
		{C8BCD9DE-0AD6-68EF-2BA1-9B56D6BE5032}.Debug|Any CPU.ActiveCfg = Debug|Any CPU
		{C8BCD9DE-0AD6-68EF-2BA1-9B56D6BE5032}.Debug|Any CPU.Build.0 = Debug|Any CPU
		{C8BCD9DE-0AD6-68EF-2BA1-9B56D6BE5032}.Debug|x64.ActiveCfg = Debug|Any CPU
		{C8BCD9DE-0AD6-68EF-2BA1-9B56D6BE5032}.Debug|x64.Build.0 = Debug|Any CPU
		{C8BCD9DE-0AD6-68EF-2BA1-9B56D6BE5032}.Debug|x86.ActiveCfg = Debug|Any CPU
		{C8BCD9DE-0AD6-68EF-2BA1-9B56D6BE5032}.Debug|x86.Build.0 = Debug|Any CPU
		{C8BCD9DE-0AD6-68EF-2BA1-9B56D6BE5032}.Release|Any CPU.ActiveCfg = Release|Any CPU
		{C8BCD9DE-0AD6-68EF-2BA1-9B56D6BE5032}.Release|Any CPU.Build.0 = Release|Any CPU
		{C8BCD9DE-0AD6-68EF-2BA1-9B56D6BE5032}.Release|x64.ActiveCfg = Release|Any CPU
		{C8BCD9DE-0AD6-68EF-2BA1-9B56D6BE5032}.Release|x64.Build.0 = Release|Any CPU
		{C8BCD9DE-0AD6-68EF-2BA1-9B56D6BE5032}.Release|x86.ActiveCfg = Release|Any CPU
		{C8BCD9DE-0AD6-68EF-2BA1-9B56D6BE5032}.Release|x86.Build.0 = Release|Any CPU
		{97BFCD35-AD2F-4F71-88BF-8724425D4ED9}.Debug|Any CPU.ActiveCfg = Debug|Any CPU
		{97BFCD35-AD2F-4F71-88BF-8724425D4ED9}.Debug|Any CPU.Build.0 = Debug|Any CPU
		{97BFCD35-AD2F-4F71-88BF-8724425D4ED9}.Debug|x64.ActiveCfg = Debug|Any CPU
		{97BFCD35-AD2F-4F71-88BF-8724425D4ED9}.Debug|x64.Build.0 = Debug|Any CPU
		{97BFCD35-AD2F-4F71-88BF-8724425D4ED9}.Debug|x86.ActiveCfg = Debug|Any CPU
		{97BFCD35-AD2F-4F71-88BF-8724425D4ED9}.Debug|x86.Build.0 = Debug|Any CPU
		{97BFCD35-AD2F-4F71-88BF-8724425D4ED9}.Release|Any CPU.ActiveCfg = Release|Any CPU
		{97BFCD35-AD2F-4F71-88BF-8724425D4ED9}.Release|Any CPU.Build.0 = Release|Any CPU
		{97BFCD35-AD2F-4F71-88BF-8724425D4ED9}.Release|x64.ActiveCfg = Release|Any CPU
		{97BFCD35-AD2F-4F71-88BF-8724425D4ED9}.Release|x64.Build.0 = Release|Any CPU
		{97BFCD35-AD2F-4F71-88BF-8724425D4ED9}.Release|x86.ActiveCfg = Release|Any CPU
		{97BFCD35-AD2F-4F71-88BF-8724425D4ED9}.Release|x86.Build.0 = Release|Any CPU
		{0035FA5F-A08A-4762-AE66-B914751BA493}.Debug|Any CPU.ActiveCfg = Debug|Any CPU
		{0035FA5F-A08A-4762-AE66-B914751BA493}.Debug|Any CPU.Build.0 = Debug|Any CPU
		{0035FA5F-A08A-4762-AE66-B914751BA493}.Debug|x64.ActiveCfg = Debug|Any CPU
		{0035FA5F-A08A-4762-AE66-B914751BA493}.Debug|x64.Build.0 = Debug|Any CPU
		{0035FA5F-A08A-4762-AE66-B914751BA493}.Debug|x86.ActiveCfg = Debug|Any CPU
		{0035FA5F-A08A-4762-AE66-B914751BA493}.Debug|x86.Build.0 = Debug|Any CPU
		{0035FA5F-A08A-4762-AE66-B914751BA493}.Release|Any CPU.ActiveCfg = Release|Any CPU
		{0035FA5F-A08A-4762-AE66-B914751BA493}.Release|Any CPU.Build.0 = Release|Any CPU
		{0035FA5F-A08A-4762-AE66-B914751BA493}.Release|x64.ActiveCfg = Release|Any CPU
		{0035FA5F-A08A-4762-AE66-B914751BA493}.Release|x64.Build.0 = Release|Any CPU
		{0035FA5F-A08A-4762-AE66-B914751BA493}.Release|x86.ActiveCfg = Release|Any CPU
		{0035FA5F-A08A-4762-AE66-B914751BA493}.Release|x86.Build.0 = Release|Any CPU
		{AC05F8B3-6C72-4135-8949-3C30EA8A91B4}.Debug|Any CPU.ActiveCfg = Debug|Any CPU
		{AC05F8B3-6C72-4135-8949-3C30EA8A91B4}.Debug|Any CPU.Build.0 = Debug|Any CPU
		{AC05F8B3-6C72-4135-8949-3C30EA8A91B4}.Debug|x64.ActiveCfg = Debug|Any CPU
		{AC05F8B3-6C72-4135-8949-3C30EA8A91B4}.Debug|x64.Build.0 = Debug|Any CPU
		{AC05F8B3-6C72-4135-8949-3C30EA8A91B4}.Debug|x86.ActiveCfg = Debug|Any CPU
		{AC05F8B3-6C72-4135-8949-3C30EA8A91B4}.Debug|x86.Build.0 = Debug|Any CPU
		{AC05F8B3-6C72-4135-8949-3C30EA8A91B4}.Release|Any CPU.ActiveCfg = Release|Any CPU
		{AC05F8B3-6C72-4135-8949-3C30EA8A91B4}.Release|Any CPU.Build.0 = Release|Any CPU
		{AC05F8B3-6C72-4135-8949-3C30EA8A91B4}.Release|x64.ActiveCfg = Release|Any CPU
		{AC05F8B3-6C72-4135-8949-3C30EA8A91B4}.Release|x64.Build.0 = Release|Any CPU
		{AC05F8B3-6C72-4135-8949-3C30EA8A91B4}.Release|x86.ActiveCfg = Release|Any CPU
		{AC05F8B3-6C72-4135-8949-3C30EA8A91B4}.Release|x86.Build.0 = Release|Any CPU
	EndGlobalSection
	GlobalSection(SolutionProperties) = preSolution
		HideSolutionNode = FALSE
	EndGlobalSection
	GlobalSection(NestedProjects) = preSolution
		{600B1D2F-21B1-31D6-B87D-7410126C828A} = {02EA681E-C7D8-13C7-8484-4AC65E1B71E8}
		{36C56540-C3A0-46B8-B4CC-7A521728060C} = {4691AF49-2E97-4AFE-A74D-687C41A848EA}
		{2BC77779-57AA-97C3-583F-13E43960BE21} = {256A5736-FBE4-45B4-B16A-CE75EB3F1B6C}
		{2DFEF210-F010-4631-BB75-A3FFC31B3911} = {378A42C3-F029-4AF2-B8F1-040ACB391207}
		{C8BCD9DE-0AD6-68EF-2BA1-9B56D6BE5032} = {256A5736-FBE4-45B4-B16A-CE75EB3F1B6C}
		{97BFCD35-AD2F-4F71-88BF-8724425D4ED9} = {4691AF49-2E97-4AFE-A74D-687C41A848EA}
		{0035FA5F-A08A-4762-AE66-B914751BA493} = {4691AF49-2E97-4AFE-A74D-687C41A848EA}
		{AC05F8B3-6C72-4135-8949-3C30EA8A91B4} = {256A5736-FBE4-45B4-B16A-CE75EB3F1B6C}
	EndGlobalSection
	GlobalSection(ExtensibilityGlobals) = postSolution
		SolutionGuid = {B65F7027-912C-4508-AF09-E1435EEC2173}
	EndGlobalSection
EndGlobal
