
Microsoft Visual Studio Solution File, Format Version 12.00
# Visual Studio Version 17
VisualStudioVersion = 17.14.37027.9
MinimumVisualStudioVersion = 10.0.40219.1
Project("{FAE04EC0-301F-11D3-BF4B-00C04F79EFBC}") = "VisionMaster", "VisionMaster\VisionMaster.csproj", "{98B75999-E184-4C83-B513-B6073AFAE277}"
EndProject
Project("{2150E333-8FDC-42A3-9474-1A3956D46DE8}") = "UI", "UI", "{02EA681E-C7D8-13C7-8484-4AC65E1B71E8}"
EndProject
Project("{2150E333-8FDC-42A3-9474-1A3956D46DE8}") = "Services", "Services", "{A088E5FE-5B06-4AA2-9FBA-1ABFAB2D2B32}"
EndProject
Project("{FAE04EC0-301F-11D3-BF4B-00C04F79EFBC}") = "UI", "UI\Controls\UI.csproj", "{600B1D2F-21B1-31D6-B87D-7410126C828A}"
EndProject
Project("{2150E333-8FDC-42A3-9474-1A3956D46DE8}") = "Shard", "Shard", "{4691AF49-2E97-4AFE-A74D-687C41A848EA}"
EndProject
Project("{FAE04EC0-301F-11D3-BF4B-00C04F79EFBC}") = "Core.Interfaces", "Shard\Core.Interfaces\Core.Interfaces.csproj", "{36C56540-C3A0-46B8-B4CC-7A521728060C}"
EndProject
Project("{2150E333-8FDC-42A3-9474-1A3956D46DE8}") = "Plugins", "Plugins", "{256A5736-FBE4-45B4-B16A-CE75EB3F1B6C}"
EndProject
Project("{FAE04EC0-301F-11D3-BF4B-00C04F79EFBC}") = "Plugin.Delay", "Plugins\Plugin.Delay\Plugin.Delay.csproj", "{22FF7E74-896D-4AD4-876B-6646CD8E22F0}"
EndProject
Project("{FAE04EC0-301F-11D3-BF4B-00C04F79EFBC}") = "Plugin.If", "Plugins\Plugin.IfCondition\Plugin.If.csproj", "{E7C62C77-9CF5-40F2-A3F6-12768E432A09}"
EndProject
Global
	GlobalSection(SolutionConfigurationPlatforms) = preSolution
		Debug|Any CPU = Debug|Any CPU
		Release|Any CPU = Release|Any CPU
	EndGlobalSection
	GlobalSection(ProjectConfigurationPlatforms) = postSolution
		{98B75999-E184-4C83-B513-B6073AFAE277}.Debug|Any CPU.ActiveCfg = Debug|Any CPU
		{98B75999-E184-4C83-B513-B6073AFAE277}.Debug|Any CPU.Build.0 = Debug|Any CPU
		{98B75999-E184-4C83-B513-B6073AFAE277}.Release|Any CPU.ActiveCfg = Release|Any CPU
		{98B75999-E184-4C83-B513-B6073AFAE277}.Release|Any CPU.Build.0 = Release|Any CPU
		{600B1D2F-21B1-31D6-B87D-7410126C828A}.Debug|Any CPU.ActiveCfg = Debug|Any CPU
		{600B1D2F-21B1-31D6-B87D-7410126C828A}.Debug|Any CPU.Build.0 = Debug|Any CPU
		{600B1D2F-21B1-31D6-B87D-7410126C828A}.Release|Any CPU.ActiveCfg = Release|Any CPU
		{600B1D2F-21B1-31D6-B87D-7410126C828A}.Release|Any CPU.Build.0 = Release|Any CPU
		{36C56540-C3A0-46B8-B4CC-7A521728060C}.Debug|Any CPU.ActiveCfg = Debug|Any CPU
		{36C56540-C3A0-46B8-B4CC-7A521728060C}.Debug|Any CPU.Build.0 = Debug|Any CPU
		{36C56540-C3A0-46B8-B4CC-7A521728060C}.Release|Any CPU.ActiveCfg = Release|Any CPU
		{36C56540-C3A0-46B8-B4CC-7A521728060C}.Release|Any CPU.Build.0 = Release|Any CPU
		{22FF7E74-896D-4AD4-876B-6646CD8E22F0}.Debug|Any CPU.ActiveCfg = Debug|Any CPU
		{22FF7E74-896D-4AD4-876B-6646CD8E22F0}.Debug|Any CPU.Build.0 = Debug|Any CPU
		{22FF7E74-896D-4AD4-876B-6646CD8E22F0}.Release|Any CPU.ActiveCfg = Release|Any CPU
		{22FF7E74-896D-4AD4-876B-6646CD8E22F0}.Release|Any CPU.Build.0 = Release|Any CPU
		{E7C62C77-9CF5-40F2-A3F6-12768E432A09}.Debug|Any CPU.ActiveCfg = Debug|Any CPU
		{E7C62C77-9CF5-40F2-A3F6-12768E432A09}.Debug|Any CPU.Build.0 = Debug|Any CPU
		{E7C62C77-9CF5-40F2-A3F6-12768E432A09}.Release|Any CPU.ActiveCfg = Release|Any CPU
		{E7C62C77-9CF5-40F2-A3F6-12768E432A09}.Release|Any CPU.Build.0 = Release|Any CPU
	EndGlobalSection
	GlobalSection(SolutionProperties) = preSolution
		HideSolutionNode = FALSE
	EndGlobalSection
	GlobalSection(NestedProjects) = preSolution
		{600B1D2F-21B1-31D6-B87D-7410126C828A} = {02EA681E-C7D8-13C7-8484-4AC65E1B71E8}
		{36C56540-C3A0-46B8-B4CC-7A521728060C} = {4691AF49-2E97-4AFE-A74D-687C41A848EA}
		{22FF7E74-896D-4AD4-876B-6646CD8E22F0} = {256A5736-FBE4-45B4-B16A-CE75EB3F1B6C}
		{E7C62C77-9CF5-40F2-A3F6-12768E432A09} = {256A5736-FBE4-45B4-B16A-CE75EB3F1B6C}
	EndGlobalSection
	GlobalSection(ExtensibilityGlobals) = postSolution
		SolutionGuid = {B65F7027-912C-4508-AF09-E1435EEC2173}
	EndGlobalSection
EndGlobal
